
Microsoft Visual Studio Solution File, Format Version 12.00
# Visual Studio Version 17
VisualStudioVersion = 17.0.31903.59
MinimumVisualStudioVersion = 10.0.40219.1
Project("{FAE04EC0-301F-11D3-BF4B-00C04F79EFBC}") = "GameStore.Api", "GameStore.Api\GameStore.Api.csproj", "{C84C8608-E109-4583-B74A-6D727BB806EA}"
EndProject
Global
	GlobalSection(SolutionConfigurationPlatforms) = preSolution
		Debug|Any CPU = Debug|Any CPU
		Release|Any CPU = Release|Any CPU
	EndGlobalSection
	GlobalSection(SolutionProperties) = preSolution
		HideSolutionNode = FALSE
	EndGlobalSection
	GlobalSection(ProjectConfigurationPlatforms) = postSolution
		{C84C8608-E109-4583-B74A-6D727BB806EA}.Debug|Any CPU.ActiveCfg = Debug|Any CPU
		{C84C8608-E109-4583-B74A-6D727BB806EA}.Debug|Any CPU.Build.0 = Debug|Any CPU
		{C84C8608-E109-4583-B74A-6D727BB806EA}.Release|Any CPU.ActiveCfg = Release|Any CPU
		{C84C8608-E109-4583-B74A-6D727BB806EA}.Release|Any CPU.Build.0 = Release|Any CPU
	EndGlobalSection
EndGlobal
